// !$*UTF8*$!
{
	archiveVersion = 1;
	classes = {
	};
	objectVersion = 56;
	objects = {

/* Begin PBXBuildFile section */
		D80FDF27295495E400F25226 /* MNISTClassifier.mlmodel in Sources */ = {isa = PBXBuildFile; fileRef = D80FDF26295495E400F25226 /* MNISTClassifier.mlmodel */; };
		D83167322958824A00CD658E /* HomePageViewController.swift in Sources */ = {isa = PBXBuildFile; fileRef = D83167312958824A00CD658E /* HomePageViewController.swift */; };
		D8316734295883C300CD658E /* QuestionsTableViewController.swift in Sources */ = {isa = PBXBuildFile; fileRef = D8316733295883C300CD658E /* QuestionsTableViewController.swift */; };
		D8316737295886F300CD658E /* FirebaseFirestore in Frameworks */ = {isa = PBXBuildFile; productRef = D8316736295886F300CD658E /* FirebaseFirestore */; };
		D8316739295886F300CD658E /* FirebaseFirestoreSwift in Frameworks */ = {isa = PBXBuildFile; productRef = D8316738295886F300CD658E /* FirebaseFirestoreSwift */; };
		D831673B2958874100CD658E /* Questions.swift in Sources */ = {isa = PBXBuildFile; fileRef = D831673A2958874100CD658E /* Questions.swift */; };
		D831673D2958881700CD658E /* FirebaseController.swift in Sources */ = {isa = PBXBuildFile; fileRef = D831673C2958881700CD658E /* FirebaseController.swift */; };
		D83167412958885000CD658E /* DatabaseProtocol.swift in Sources */ = {isa = PBXBuildFile; fileRef = D831673F2958884F00CD658E /* DatabaseProtocol.swift */; };
		D83167422958885000CD658E /* MulticastDelegate.swift in Sources */ = {isa = PBXBuildFile; fileRef = D83167402958884F00CD658E /* MulticastDelegate.swift */; };
		D8316744295D339D00CD658E /* GoogleService-Info.plist in Resources */ = {isa = PBXBuildFile; fileRef = D8316743295D339D00CD658E /* GoogleService-Info.plist */; };
		D89093972952906800FC8EEA /* AppDelegate.swift in Sources */ = {isa = PBXBuildFile; fileRef = D89093962952906800FC8EEA /* AppDelegate.swift */; };
		D89093992952906800FC8EEA /* SceneDelegate.swift in Sources */ = {isa = PBXBuildFile; fileRef = D89093982952906800FC8EEA /* SceneDelegate.swift */; };
		D890939B2952906800FC8EEA /* QnAViewController.swift in Sources */ = {isa = PBXBuildFile; fileRef = D890939A2952906800FC8EEA /* QnAViewController.swift */; };
		D890939E2952906800FC8EEA /* Main.storyboard in Resources */ = {isa = PBXBuildFile; fileRef = D890939C2952906800FC8EEA /* Main.storyboard */; };
		D89093A02952906D00FC8EEA /* Assets.xcassets in Resources */ = {isa = PBXBuildFile; fileRef = D890939F2952906D00FC8EEA /* Assets.xcassets */; };
		D89093A32952906D00FC8EEA /* LaunchScreen.storyboard in Resources */ = {isa = PBXBuildFile; fileRef = D89093A12952906D00FC8EEA /* LaunchScreen.storyboard */; };
		D89093AD2952BEE700FC8EEA /* CanvasView.swift in Sources */ = {isa = PBXBuildFile; fileRef = D89093AC2952BEE700FC8EEA /* CanvasView.swift */; };
		D89093B129534A7F00FC8EEA /* MNIST.mlmodel in Sources */ = {isa = PBXBuildFile; fileRef = D89093B029534A7E00FC8EEA /* MNIST.mlmodel */; };
		D89093B329534C9600FC8EEA /* mnistCNN.mlmodel in Sources */ = {isa = PBXBuildFile; fileRef = D89093B229534C9600FC8EEA /* mnistCNN.mlmodel */; };
		D8EE521729628A6900F84CEA /* StudentDetailsViewController.swift in Sources */ = {isa = PBXBuildFile; fileRef = D8EE521629628A6900F84CEA /* StudentDetailsViewController.swift */; };
		D8EE52192963E4A400F84CEA /* Child.swift in Sources */ = {isa = PBXBuildFile; fileRef = D8EE52182963E4A400F84CEA /* Child.swift */; };
		D8EE521B29642DCC00F84CEA /* QuestionsBeginViewController.swift in Sources */ = {isa = PBXBuildFile; fileRef = D8EE521A29642DCC00F84CEA /* QuestionsBeginViewController.swift */; };
/* End PBXBuildFile section */

/* Begin PBXFileReference section */
		D80FDF26295495E400F25226 /* MNISTClassifier.mlmodel */ = {isa = PBXFileReference; lastKnownFileType = file.mlmodel; path = MNISTClassifier.mlmodel; sourceTree = "<group>"; };
		D83167312958824A00CD658E /* HomePageViewController.swift */ = {isa = PBXFileReference; lastKnownFileType = sourcecode.swift; path = HomePageViewController.swift; sourceTree = "<group>"; };
		D8316733295883C300CD658E /* QuestionsTableViewController.swift */ = {isa = PBXFileReference; lastKnownFileType = sourcecode.swift; path = QuestionsTableViewController.swift; sourceTree = "<group>"; };
		D831673A2958874100CD658E /* Questions.swift */ = {isa = PBXFileReference; lastKnownFileType = sourcecode.swift; path = Questions.swift; sourceTree = "<group>"; };
		D831673C2958881700CD658E /* FirebaseController.swift */ = {isa = PBXFileReference; lastKnownFileType = sourcecode.swift; path = FirebaseController.swift; sourceTree = "<group>"; };
		D831673F2958884F00CD658E /* DatabaseProtocol.swift */ = {isa = PBXFileReference; fileEncoding = 4; lastKnownFileType = sourcecode.swift; path = DatabaseProtocol.swift; sourceTree = "<group>"; };
		D83167402958884F00CD658E /* MulticastDelegate.swift */ = {isa = PBXFileReference; fileEncoding = 4; lastKnownFileType = sourcecode.swift; path = MulticastDelegate.swift; sourceTree = "<group>"; };
		D8316743295D339D00CD658E /* GoogleService-Info.plist */ = {isa = PBXFileReference; fileEncoding = 4; lastKnownFileType = text.plist.xml; path = "GoogleService-Info.plist"; sourceTree = "<group>"; };
		D89093932952906800FC8EEA /* Keyboard Project.app */ = {isa = PBXFileReference; explicitFileType = wrapper.application; includeInIndex = 0; path = "Keyboard Project.app"; sourceTree = BUILT_PRODUCTS_DIR; };
		D89093962952906800FC8EEA /* AppDelegate.swift */ = {isa = PBXFileReference; lastKnownFileType = sourcecode.swift; path = AppDelegate.swift; sourceTree = "<group>"; };
		D89093982952906800FC8EEA /* SceneDelegate.swift */ = {isa = PBXFileReference; lastKnownFileType = sourcecode.swift; path = SceneDelegate.swift; sourceTree = "<group>"; };
		D890939A2952906800FC8EEA /* QnAViewController.swift */ = {isa = PBXFileReference; lastKnownFileType = sourcecode.swift; path = QnAViewController.swift; sourceTree = "<group>"; };
		D890939D2952906800FC8EEA /* Base */ = {isa = PBXFileReference; lastKnownFileType = file.storyboard; name = Base; path = Base.lproj/Main.storyboard; sourceTree = "<group>"; };
		D890939F2952906D00FC8EEA /* Assets.xcassets */ = {isa = PBXFileReference; lastKnownFileType = folder.assetcatalog; path = Assets.xcassets; sourceTree = "<group>"; };
		D89093A22952906D00FC8EEA /* Base */ = {isa = PBXFileReference; lastKnownFileType = file.storyboard; name = Base; path = Base.lproj/LaunchScreen.storyboard; sourceTree = "<group>"; };
		D89093A42952906D00FC8EEA /* Info.plist */ = {isa = PBXFileReference; lastKnownFileType = text.plist.xml; path = Info.plist; sourceTree = "<group>"; };
		D89093AC2952BEE700FC8EEA /* CanvasView.swift */ = {isa = PBXFileReference; lastKnownFileType = sourcecode.swift; path = CanvasView.swift; sourceTree = "<group>"; };
		D89093B029534A7E00FC8EEA /* MNIST.mlmodel */ = {isa = PBXFileReference; lastKnownFileType = file.mlmodel; path = MNIST.mlmodel; sourceTree = "<group>"; };
		D89093B229534C9600FC8EEA /* mnistCNN.mlmodel */ = {isa = PBXFileReference; lastKnownFileType = file.mlmodel; path = mnistCNN.mlmodel; sourceTree = "<group>"; };
		D8EE521629628A6900F84CEA /* StudentDetailsViewController.swift */ = {isa = PBXFileReference; lastKnownFileType = sourcecode.swift; path = StudentDetailsViewController.swift; sourceTree = "<group>"; };
		D8EE52182963E4A400F84CEA /* Child.swift */ = {isa = PBXFileReference; lastKnownFileType = sourcecode.swift; path = Child.swift; sourceTree = "<group>"; };
		D8EE521A29642DCC00F84CEA /* QuestionsBeginViewController.swift */ = {isa = PBXFileReference; lastKnownFileType = sourcecode.swift; path = QuestionsBeginViewController.swift; sourceTree = "<group>"; };
/* End PBXFileReference section */

/* Begin PBXFrameworksBuildPhase section */
		D89093902952906800FC8EEA /* Frameworks */ = {
			isa = PBXFrameworksBuildPhase;
			buildActionMask = 2147483647;
			files = (
				D8316737295886F300CD658E /* FirebaseFirestore in Frameworks */,
				D8316739295886F300CD658E /* FirebaseFirestoreSwift in Frameworks */,
			);
			runOnlyForDeploymentPostprocessing = 0;
		};
/* End PBXFrameworksBuildPhase section */

/* Begin PBXGroup section */
		D831673E2958884F00CD658E /* Database */ = {
			isa = PBXGroup;
			children = (
				D831673F2958884F00CD658E /* DatabaseProtocol.swift */,
				D83167402958884F00CD658E /* MulticastDelegate.swift */,
			);
			path = Database;
			sourceTree = "<group>";
		};
		D890938A2952906800FC8EEA = {
			isa = PBXGroup;
			children = (
				D89093952952906800FC8EEA /* Keyboard Project */,
				D89093942952906800FC8EEA /* Products */,
			);
			sourceTree = "<group>";
		};
		D89093942952906800FC8EEA /* Products */ = {
			isa = PBXGroup;
			children = (
				D89093932952906800FC8EEA /* Keyboard Project.app */,
			);
			name = Products;
			sourceTree = "<group>";
		};
		D89093952952906800FC8EEA /* Keyboard Project */ = {
			isa = PBXGroup;
			children = (
				D8316743295D339D00CD658E /* GoogleService-Info.plist */,
				D831673E2958884F00CD658E /* Database */,
				D89093B229534C9600FC8EEA /* mnistCNN.mlmodel */,
				D89093B029534A7E00FC8EEA /* MNIST.mlmodel */,
				D80FDF26295495E400F25226 /* MNISTClassifier.mlmodel */,
				D89093962952906800FC8EEA /* AppDelegate.swift */,
				D89093982952906800FC8EEA /* SceneDelegate.swift */,
				D890939A2952906800FC8EEA /* QnAViewController.swift */,
				D890939C2952906800FC8EEA /* Main.storyboard */,
				D890939F2952906D00FC8EEA /* Assets.xcassets */,
				D89093A12952906D00FC8EEA /* LaunchScreen.storyboard */,
				D89093A42952906D00FC8EEA /* Info.plist */,
				D89093AC2952BEE700FC8EEA /* CanvasView.swift */,
				D83167312958824A00CD658E /* HomePageViewController.swift */,
				D8316733295883C300CD658E /* QuestionsTableViewController.swift */,
				D831673A2958874100CD658E /* Questions.swift */,
				D8EE52182963E4A400F84CEA /* Child.swift */,
				D831673C2958881700CD658E /* FirebaseController.swift */,
				D8EE521629628A6900F84CEA /* StudentDetailsViewController.swift */,
				D8EE521A29642DCC00F84CEA /* QuestionsBeginViewController.swift */,
			);
			path = "Keyboard Project";
			sourceTree = "<group>";
		};
/* End PBXGroup section */

/* Begin PBXNativeTarget section */
		D89093922952906800FC8EEA /* Keyboard Project */ = {
			isa = PBXNativeTarget;
			buildConfigurationList = D89093A72952906D00FC8EEA /* Build configuration list for PBXNativeTarget "Keyboard Project" */;
			buildPhases = (
				D890938F2952906800FC8EEA /* Sources */,
				D89093902952906800FC8EEA /* Frameworks */,
				D89093912952906800FC8EEA /* Resources */,
			);
			buildRules = (
			);
			dependencies = (
			);
			name = "Keyboard Project";
			packageProductDependencies = (
				D8316736295886F300CD658E /* FirebaseFirestore */,
				D8316738295886F300CD658E /* FirebaseFirestoreSwift */,
			);
			productName = "Keyboard Project";
			productReference = D89093932952906800FC8EEA /* Keyboard Project.app */;
			productType = "com.apple.product-type.application";
		};
/* End PBXNativeTarget section */

/* Begin PBXProject section */
		D890938B2952906800FC8EEA /* Project object */ = {
			isa = PBXProject;
			attributes = {
				BuildIndependentTargetsInParallel = 1;
				LastSwiftUpdateCheck = 1420;
				LastUpgradeCheck = 1420;
				TargetAttributes = {
					D89093922952906800FC8EEA = {
						CreatedOnToolsVersion = 14.2;
					};
				};
			};
			buildConfigurationList = D890938E2952906800FC8EEA /* Build configuration list for PBXProject "Keyboard Project" */;
			compatibilityVersion = "Xcode 14.0";
			developmentRegion = en;
			hasScannedForEncodings = 0;
			knownRegions = (
				en,
				Base,
			);
			mainGroup = D890938A2952906800FC8EEA;
			packageReferences = (
				D8316735295886F300CD658E /* XCRemoteSwiftPackageReference "firebase-ios-sdk" */,
			);
			productRefGroup = D89093942952906800FC8EEA /* Products */;
			projectDirPath = "";
			projectRoot = "";
			targets = (
				D89093922952906800FC8EEA /* Keyboard Project */,
			);
		};
/* End PBXProject section */

/* Begin PBXResourcesBuildPhase section */
		D89093912952906800FC8EEA /* Resources */ = {
			isa = PBXResourcesBuildPhase;
			buildActionMask = 2147483647;
			files = (
				D89093A32952906D00FC8EEA /* LaunchScreen.storyboard in Resources */,
				D8316744295D339D00CD658E /* GoogleService-Info.plist in Resources */,
				D89093A02952906D00FC8EEA /* Assets.xcassets in Resources */,
				D890939E2952906800FC8EEA /* Main.storyboard in Resources */,
			);
			runOnlyForDeploymentPostprocessing = 0;
		};
/* End PBXResourcesBuildPhase section */

/* Begin PBXSourcesBuildPhase section */
		D890938F2952906800FC8EEA /* Sources */ = {
			isa = PBXSourcesBuildPhase;
			buildActionMask = 2147483647;
			files = (
				D89093B129534A7F00FC8EEA /* MNIST.mlmodel in Sources */,
				D8EE521729628A6900F84CEA /* StudentDetailsViewController.swift in Sources */,
				D8316734295883C300CD658E /* QuestionsTableViewController.swift in Sources */,
				D890939B2952906800FC8EEA /* QnAViewController.swift in Sources */,
				D831673B2958874100CD658E /* Questions.swift in Sources */,
				D83167322958824A00CD658E /* HomePageViewController.swift in Sources */,
				D80FDF27295495E400F25226 /* MNISTClassifier.mlmodel in Sources */,
				D89093972952906800FC8EEA /* AppDelegate.swift in Sources */,
				D8EE52192963E4A400F84CEA /* Child.swift in Sources */,
				D89093AD2952BEE700FC8EEA /* CanvasView.swift in Sources */,
				D83167422958885000CD658E /* MulticastDelegate.swift in Sources */,
				D83167412958885000CD658E /* DatabaseProtocol.swift in Sources */,
				D8EE521B29642DCC00F84CEA /* QuestionsBeginViewController.swift in Sources */,
				D89093992952906800FC8EEA /* SceneDelegate.swift in Sources */,
				D831673D2958881700CD658E /* FirebaseController.swift in Sources */,
				D89093B329534C9600FC8EEA /* mnistCNN.mlmodel in Sources */,
			);
			runOnlyForDeploymentPostprocessing = 0;
		};
/* End PBXSourcesBuildPhase section */

/* Begin PBXVariantGroup section */
		D890939C2952906800FC8EEA /* Main.storyboard */ = {
			isa = PBXVariantGroup;
			children = (
				D890939D2952906800FC8EEA /* Base */,
			);
			name = Main.storyboard;
			sourceTree = "<group>";
		};
		D89093A12952906D00FC8EEA /* LaunchScreen.storyboard */ = {
			isa = PBXVariantGroup;
			children = (
				D89093A22952906D00FC8EEA /* Base */,
			);
			name = LaunchScreen.storyboard;
			sourceTree = "<group>";
		};
/* End PBXVariantGroup section */

/* Begin XCBuildConfiguration section */
		D89093A52952906D00FC8EEA /* Debug */ = {
			isa = XCBuildConfiguration;
			buildSettings = {
				ALWAYS_SEARCH_USER_PATHS = NO;
				CLANG_ANALYZER_NONNULL = YES;
				CLANG_ANALYZER_NUMBER_OBJECT_CONVERSION = YES_AGGRESSIVE;
				CLANG_CXX_LANGUAGE_STANDARD = "gnu++20";
				CLANG_ENABLE_MODULES = YES;
				CLANG_ENABLE_OBJC_ARC = YES;
				CLANG_ENABLE_OBJC_WEAK = YES;
				CLANG_WARN_BLOCK_CAPTURE_AUTORELEASING = YES;
				CLANG_WARN_BOOL_CONVERSION = YES;
				CLANG_WARN_COMMA = YES;
				CLANG_WARN_CONSTANT_CONVERSION = YES;
				CLANG_WARN_DEPRECATED_OBJC_IMPLEMENTATIONS = YES;
				CLANG_WARN_DIRECT_OBJC_ISA_USAGE = YES_ERROR;
				CLANG_WARN_DOCUMENTATION_COMMENTS = YES;
				CLANG_WARN_EMPTY_BODY = YES;
				CLANG_WARN_ENUM_CONVERSION = YES;
				CLANG_WARN_INFINITE_RECURSION = YES;
				CLANG_WARN_INT_CONVERSION = YES;
				CLANG_WARN_NON_LITERAL_NULL_CONVERSION = YES;
				CLANG_WARN_OBJC_IMPLICIT_RETAIN_SELF = YES;
				CLANG_WARN_OBJC_LITERAL_CONVERSION = YES;
				CLANG_WARN_OBJC_ROOT_CLASS = YES_ERROR;
				CLANG_WARN_QUOTED_INCLUDE_IN_FRAMEWORK_HEADER = YES;
				CLANG_WARN_RANGE_LOOP_ANALYSIS = YES;
				CLANG_WARN_STRICT_PROTOTYPES = YES;
				CLANG_WARN_SUSPICIOUS_MOVE = YES;
				CLANG_WARN_UNGUARDED_AVAILABILITY = YES_AGGRESSIVE;
				CLANG_WARN_UNREACHABLE_CODE = YES;
				CLANG_WARN__DUPLICATE_METHOD_MATCH = YES;
				COPY_PHASE_STRIP = NO;
				DEBUG_INFORMATION_FORMAT = dwarf;
				ENABLE_STRICT_OBJC_MSGSEND = YES;
				ENABLE_TESTABILITY = YES;
				GCC_C_LANGUAGE_STANDARD = gnu11;
				GCC_DYNAMIC_NO_PIC = NO;
				GCC_NO_COMMON_BLOCKS = YES;
				GCC_OPTIMIZATION_LEVEL = 0;
				GCC_PREPROCESSOR_DEFINITIONS = (
					"DEBUG=1",
					"$(inherited)",
				);
				GCC_WARN_64_TO_32_BIT_CONVERSION = YES;
				GCC_WARN_ABOUT_RETURN_TYPE = YES_ERROR;
				GCC_WARN_UNDECLARED_SELECTOR = YES;
				GCC_WARN_UNINITIALIZED_AUTOS = YES_AGGRESSIVE;
				GCC_WARN_UNUSED_FUNCTION = YES;
				GCC_WARN_UNUSED_VARIABLE = YES;
				IPHONEOS_DEPLOYMENT_TARGET = 16.0;
				MTL_ENABLE_DEBUG_INFO = INCLUDE_SOURCE;
				MTL_FAST_MATH = YES;
				ONLY_ACTIVE_ARCH = YES;
				SDKROOT = iphoneos;
				SWIFT_ACTIVE_COMPILATION_CONDITIONS = DEBUG;
				SWIFT_OPTIMIZATION_LEVEL = "-Onone";
			};
			name = Debug;
		};
		D89093A62952906D00FC8EEA /* Release */ = {
			isa = XCBuildConfiguration;
			buildSettings = {
				ALWAYS_SEARCH_USER_PATHS = NO;
				CLANG_ANALYZER_NONNULL = YES;
				CLANG_ANALYZER_NUMBER_OBJECT_CONVERSION = YES_AGGRESSIVE;
				CLANG_CXX_LANGUAGE_STANDARD = "gnu++20";
				CLANG_ENABLE_MODULES = YES;
				CLANG_ENABLE_OBJC_ARC = YES;
				CLANG_ENABLE_OBJC_WEAK = YES;
				CLANG_WARN_BLOCK_CAPTURE_AUTORELEASING = YES;
				CLANG_WARN_BOOL_CONVERSION = YES;
				CLANG_WARN_COMMA = YES;
				CLANG_WARN_CONSTANT_CONVERSION = YES;
				CLANG_WARN_DEPRECATED_OBJC_IMPLEMENTATIONS = YES;
				CLANG_WARN_DIRECT_OBJC_ISA_USAGE = YES_ERROR;
				CLANG_WARN_DOCUMENTATION_COMMENTS = YES;
				CLANG_WARN_EMPTY_BODY = YES;
				CLANG_WARN_ENUM_CONVERSION = YES;
				CLANG_WARN_INFINITE_RECURSION = YES;
				CLANG_WARN_INT_CONVERSION = YES;
				CLANG_WARN_NON_LITERAL_NULL_CONVERSION = YES;
				CLANG_WARN_OBJC_IMPLICIT_RETAIN_SELF = YES;
				CLANG_WARN_OBJC_LITERAL_CONVERSION = YES;
				CLANG_WARN_OBJC_ROOT_CLASS = YES_ERROR;
				CLANG_WARN_QUOTED_INCLUDE_IN_FRAMEWORK_HEADER = YES;
				CLANG_WARN_RANGE_LOOP_ANALYSIS = YES;
				CLANG_WARN_STRICT_PROTOTYPES = YES;
				CLANG_WARN_SUSPICIOUS_MOVE = YES;
				CLANG_WARN_UNGUARDED_AVAILABILITY = YES_AGGRESSIVE;
				CLANG_WARN_UNREACHABLE_CODE = YES;
				CLANG_WARN__DUPLICATE_METHOD_MATCH = YES;
				COPY_PHASE_STRIP = NO;
				DEBUG_INFORMATION_FORMAT = "dwarf-with-dsym";
				ENABLE_NS_ASSERTIONS = NO;
				ENABLE_STRICT_OBJC_MSGSEND = YES;
				GCC_C_LANGUAGE_STANDARD = gnu11;
				GCC_NO_COMMON_BLOCKS = YES;
				GCC_WARN_64_TO_32_BIT_CONVERSION = YES;
				GCC_WARN_ABOUT_RETURN_TYPE = YES_ERROR;
				GCC_WARN_UNDECLARED_SELECTOR = YES;
				GCC_WARN_UNINITIALIZED_AUTOS = YES_AGGRESSIVE;
				GCC_WARN_UNUSED_FUNCTION = YES;
				GCC_WARN_UNUSED_VARIABLE = YES;
				IPHONEOS_DEPLOYMENT_TARGET = 16.0;
				MTL_ENABLE_DEBUG_INFO = NO;
				MTL_FAST_MATH = YES;
				SDKROOT = iphoneos;
				SWIFT_COMPILATION_MODE = wholemodule;
				SWIFT_OPTIMIZATION_LEVEL = "-O";
				VALIDATE_PRODUCT = YES;
			};
			name = Release;
		};
		D89093A82952906D00FC8EEA /* Debug */ = {
			isa = XCBuildConfiguration;
			buildSettings = {
				ASSETCATALOG_COMPILER_APPICON_NAME = AppIcon;
				ASSETCATALOG_COMPILER_GLOBAL_ACCENT_COLOR_NAME = AccentColor;
				CODE_SIGN_STYLE = Automatic;
				CURRENT_PROJECT_VERSION = 1;
				DEVELOPMENT_TEAM = VYTRK8Y2NU;
				GENERATE_INFOPLIST_FILE = YES;
				INFOPLIST_FILE = "Keyboard Project/Info.plist";
				INFOPLIST_KEY_UIApplicationSupportsIndirectInputEvents = YES;
				INFOPLIST_KEY_UILaunchStoryboardName = LaunchScreen;
				INFOPLIST_KEY_UIMainStoryboardFile = Main;
				INFOPLIST_KEY_UISupportedInterfaceOrientations_iPad = "UIInterfaceOrientationPortrait UIInterfaceOrientationPortraitUpsideDown UIInterfaceOrientationLandscapeLeft UIInterfaceOrientationLandscapeRight";
				INFOPLIST_KEY_UISupportedInterfaceOrientations_iPhone = "UIInterfaceOrientationPortrait UIInterfaceOrientationLandscapeLeft UIInterfaceOrientationLandscapeRight";
				LD_RUNPATH_SEARCH_PATHS = (
					"$(inherited)",
					"@executable_path/Frameworks",
				);
				MARKETING_VERSION = 1.0;
				PRODUCT_BUNDLE_IDENTIFIER = edu.monash.keyboardproject;
				PRODUCT_NAME = "$(TARGET_NAME)";
				SWIFT_EMIT_LOC_STRINGS = YES;
				SWIFT_VERSION = 5.0;
				TARGETED_DEVICE_FAMILY = "1,2";
			};
			name = Debug;
		};
		D89093A92952906D00FC8EEA /* Release */ = {
			isa = XCBuildConfiguration;
			buildSettings = {
				ASSETCATALOG_COMPILER_APPICON_NAME = AppIcon;
				ASSETCATALOG_COMPILER_GLOBAL_ACCENT_COLOR_NAME = AccentColor;
				CODE_SIGN_STYLE = Automatic;
				CURRENT_PROJECT_VERSION = 1;
				DEVELOPMENT_TEAM = VYTRK8Y2NU;
				GENERATE_INFOPLIST_FILE = YES;
				INFOPLIST_FILE = "Keyboard Project/Info.plist";
				INFOPLIST_KEY_UIApplicationSupportsIndirectInputEvents = YES;
				INFOPLIST_KEY_UILaunchStoryboardName = LaunchScreen;
				INFOPLIST_KEY_UIMainStoryboardFile = Main;
				INFOPLIST_KEY_UISupportedInterfaceOrientations_iPad = "UIInterfaceOrientationPortrait UIInterfaceOrientationPortraitUpsideDown UIInterfaceOrientationLandscapeLeft UIInterfaceOrientationLandscapeRight";
				INFOPLIST_KEY_UISupportedInterfaceOrientations_iPhone = "UIInterfaceOrientationPortrait UIInterfaceOrientationLandscapeLeft UIInterfaceOrientationLandscapeRight";
				LD_RUNPATH_SEARCH_PATHS = (
					"$(inherited)",
					"@executable_path/Frameworks",
				);
				MARKETING_VERSION = 1.0;
				PRODUCT_BUNDLE_IDENTIFIER = edu.monash.keyboardproject;
				PRODUCT_NAME = "$(TARGET_NAME)";
				SWIFT_EMIT_LOC_STRINGS = YES;
				SWIFT_VERSION = 5.0;
				TARGETED_DEVICE_FAMILY = "1,2";
			};
			name = Release;
		};
/* End XCBuildConfiguration section */

/* Begin XCConfigurationList section */
		D890938E2952906800FC8EEA /* Build configuration list for PBXProject "Keyboard Project" */ = {
			isa = XCConfigurationList;
			buildConfigurations = (
				D89093A52952906D00FC8EEA /* Debug */,
				D89093A62952906D00FC8EEA /* Release */,
			);
			defaultConfigurationIsVisible = 0;
			defaultConfigurationName = Release;
		};
		D89093A72952906D00FC8EEA /* Build configuration list for PBXNativeTarget "Keyboard Project" */ = {
			isa = XCConfigurationList;
			buildConfigurations = (
				D89093A82952906D00FC8EEA /* Debug */,
				D89093A92952906D00FC8EEA /* Release */,
			);
			defaultConfigurationIsVisible = 0;
			defaultConfigurationName = Release;
		};
/* End XCConfigurationList section */

/* Begin XCRemoteSwiftPackageReference section */
		D8316735295886F300CD658E /* XCRemoteSwiftPackageReference "firebase-ios-sdk" */ = {
			isa = XCRemoteSwiftPackageReference;
			repositoryURL = "https://github.com/firebase/firebase-ios-sdk.git";
			requirement = {
				kind = upToNextMajorVersion;
				minimumVersion = 9.0.0;
			};
		};
/* End XCRemoteSwiftPackageReference section */

/* Begin XCSwiftPackageProductDependency section */
		D8316736295886F300CD658E /* FirebaseFirestore */ = {
			isa = XCSwiftPackageProductDependency;
			package = D8316735295886F300CD658E /* XCRemoteSwiftPackageReference "firebase-ios-sdk" */;
			productName = FirebaseFirestore;
		};
		D8316738295886F300CD658E /* FirebaseFirestoreSwift */ = {
			isa = XCSwiftPackageProductDependency;
			package = D8316735295886F300CD658E /* XCRemoteSwiftPackageReference "firebase-ios-sdk" */;
			productName = FirebaseFirestoreSwift;
		};
/* End XCSwiftPackageProductDependency section */
	};
	rootObject = D890938B2952906800FC8EEA /* Project object */;
}
